
Microsoft Visual Studio Solution File, Format Version 12.00
# Visual Studio Version 17
VisualStudioVersion = 17.5.33424.131
MinimumVisualStudioVersion = 10.0.40219.1
Project("{8BC9CEB8-8B4A-11D0-8D11-00A0C91BC942}") = "Solucion", "Solucion\Solucion.vcxproj", "{DFE02802-53B3-49CD-B183-1E2D14EB2AED}"
EndProject
Global
	GlobalSection(SolutionConfigurationPlatforms) = preSolution
		Debug|x64 = Debug|x64
		Debug|x86 = Debug|x86
		Release|x64 = Release|x64
		Release|x86 = Release|x86
	EndGlobalSection
	GlobalSection(ProjectConfigurationPlatforms) = postSolution
		{DFE02802-53B3-49CD-B183-1E2D14EB2AED}.Debug|x64.ActiveCfg = Debug|x64
		{DFE02802-53B3-49CD-B183-1E2D14EB2AED}.Debug|x64.Build.0 = Debug|x64
		{DFE02802-53B3-49CD-B183-1E2D14EB2AED}.Debug|x86.ActiveCfg = Debug|Win32
		{DFE02802-53B3-49CD-B183-1E2D14EB2AED}.Debug|x86.Build.0 = Debug|Win32
		{DFE02802-53B3-49CD-B183-1E2D14EB2AED}.Release|x64.ActiveCfg = Release|x64
		{DFE02802-53B3-49CD-B183-1E2D14EB2AED}.Release|x64.Build.0 = Release|x64
		{DFE02802-53B3-49CD-B183-1E2D14EB2AED}.Release|x86.ActiveCfg = Release|Win32
		{DFE02802-53B3-49CD-B183-1E2D14EB2AED}.Release|x86.Build.0 = Release|Win32
	EndGlobalSection
	GlobalSection(SolutionProperties) = preSolution
		HideSolutionNode = FALSE
	EndGlobalSection
	GlobalSection(ExtensibilityGlobals) = postSolution
		SolutionGuid = {E449A6BB-EE88-4333-BC8D-B4CA4590646A}
	EndGlobalSection
EndGlobal
